
Microsoft Visual Studio Solution File, Format Version 12.00
Project("{FAE04EC0-301F-11D3-BF4B-00C04F79EFBC}") = "JobSeeker.WebApi.Api", "JobSeeker.WebApi.Api\JobSeeker.WebApi.Api.csproj", "{02217053-B9EF-4A32-B3C5-B9D1C9B6E7C7}"
EndProject
Project("{FAE04EC0-301F-11D3-BF4B-00C04F79EFBC}") = "JobSeeker.WebApi.Shared", "JobSeeker.WebApi.Shared\JobSeeker.WebApi.Shared.csproj", "{8CD2B3FA-553B-43CB-A248-B369462A9A7A}"
EndProject
Project("{FAE04EC0-301F-11D3-BF4B-00C04F79EFBC}") = "JobSeeker.WebApi.Persistence", "JobSeeker.WebApi.Persistence\JobSeeker.WebApi.Persistence.csproj", "{A06D7F2B-D51E-4225-8CF5-CAF495125FD9}"
EndProject
Project("{FAE04EC0-301F-11D3-BF4B-00C04F79EFBC}") = "JobSeeker.WebApi.Domain", "JobSeeker.WebApi.Domain\JobSeeker.WebApi.Domain.csproj", "{79D76252-EFCF-4955-BD89-DB65514C87BE}"
EndProject
Project("{FAE04EC0-301F-11D3-BF4B-00C04F79EFBC}") = "JobSeeker.WebApi.Application", "JobSeeker.WebApi.Application\JobSeeker.WebApi.Application.csproj", "{1EEDC263-82AD-4CD4-B4AF-6CFD1AD6D9CE}"
EndProject
Project("{FAE04EC0-301F-11D3-BF4B-00C04F79EFBC}") = "JobSeeker.WebApi.MessageBroker.Configuration", "JobSeeker.WebApi.MessageBroker.Configuration\JobSeeker.WebApi.MessageBroker.Configuration.csproj", "{90AF6981-B6C8-4B5E-9096-1E883A748B11}"
EndProject
Project("{FAE04EC0-301F-11D3-BF4B-00C04F79EFBC}") = "JobSeeker.WebApi.MessageBroker.Consumers", "JobSeeker.WebApi.MessageBroker.Consumers\JobSeeker.WebApi.MessageBroker.Consumers.csproj", "{D7D66479-FF37-4C37-A4C2-35149E5C27D8}"
EndProject
Project("{FAE04EC0-301F-11D3-BF4B-00C04F79EFBC}") = "JobSeeker.WebApi.MessageBroker.Producers", "JobSeeker.WebApi.MessageBroker.Producers\JobSeeker.WebApi.MessageBroker.Producers.csproj", "{0F7B6552-D0F2-4CA0-9862-77355D1DF643}"
EndProject
Project("{FAE04EC0-301F-11D3-BF4B-00C04F79EFBC}") = "JobSeeker.WebApi.MessageBroker.Messages", "JobSeeker.WebApi.MessageBroker.Messages\JobSeeker.WebApi.MessageBroker.Messages.csproj", "{41AEB75A-C5EF-4216-8331-2F5B7EC882BD}"
EndProject
Project("{FAE04EC0-301F-11D3-BF4B-00C04F79EFBC}") = "JobSeeker.WebApi.ObjectStorage", "JobSeeker.WebApi.ObjectStorage\JobSeeker.WebApi.ObjectStorage.csproj", "{6D8AAC7A-BC66-449D-B7DC-61D65AE03D23}"
EndProject
Global
	GlobalSection(SolutionConfigurationPlatforms) = preSolution
		Debug|Any CPU = Debug|Any CPU
		Release|Any CPU = Release|Any CPU
	EndGlobalSection
	GlobalSection(ProjectConfigurationPlatforms) = postSolution
		{02217053-B9EF-4A32-B3C5-B9D1C9B6E7C7}.Debug|Any CPU.ActiveCfg = Debug|Any CPU
		{02217053-B9EF-4A32-B3C5-B9D1C9B6E7C7}.Debug|Any CPU.Build.0 = Debug|Any CPU
		{02217053-B9EF-4A32-B3C5-B9D1C9B6E7C7}.Release|Any CPU.ActiveCfg = Release|Any CPU
		{02217053-B9EF-4A32-B3C5-B9D1C9B6E7C7}.Release|Any CPU.Build.0 = Release|Any CPU
		{8CD2B3FA-553B-43CB-A248-B369462A9A7A}.Debug|Any CPU.ActiveCfg = Debug|Any CPU
		{8CD2B3FA-553B-43CB-A248-B369462A9A7A}.Debug|Any CPU.Build.0 = Debug|Any CPU
		{8CD2B3FA-553B-43CB-A248-B369462A9A7A}.Release|Any CPU.ActiveCfg = Release|Any CPU
		{8CD2B3FA-553B-43CB-A248-B369462A9A7A}.Release|Any CPU.Build.0 = Release|Any CPU
		{A06D7F2B-D51E-4225-8CF5-CAF495125FD9}.Debug|Any CPU.ActiveCfg = Debug|Any CPU
		{A06D7F2B-D51E-4225-8CF5-CAF495125FD9}.Debug|Any CPU.Build.0 = Debug|Any CPU
		{A06D7F2B-D51E-4225-8CF5-CAF495125FD9}.Release|Any CPU.ActiveCfg = Release|Any CPU
		{A06D7F2B-D51E-4225-8CF5-CAF495125FD9}.Release|Any CPU.Build.0 = Release|Any CPU
		{79D76252-EFCF-4955-BD89-DB65514C87BE}.Debug|Any CPU.ActiveCfg = Debug|Any CPU
		{79D76252-EFCF-4955-BD89-DB65514C87BE}.Debug|Any CPU.Build.0 = Debug|Any CPU
		{79D76252-EFCF-4955-BD89-DB65514C87BE}.Release|Any CPU.ActiveCfg = Release|Any CPU
		{79D76252-EFCF-4955-BD89-DB65514C87BE}.Release|Any CPU.Build.0 = Release|Any CPU
		{1EEDC263-82AD-4CD4-B4AF-6CFD1AD6D9CE}.Debug|Any CPU.ActiveCfg = Debug|Any CPU
		{1EEDC263-82AD-4CD4-B4AF-6CFD1AD6D9CE}.Debug|Any CPU.Build.0 = Debug|Any CPU
		{1EEDC263-82AD-4CD4-B4AF-6CFD1AD6D9CE}.Release|Any CPU.ActiveCfg = Release|Any CPU
		{1EEDC263-82AD-4CD4-B4AF-6CFD1AD6D9CE}.Release|Any CPU.Build.0 = Release|Any CPU
		{90AF6981-B6C8-4B5E-9096-1E883A748B11}.Debug|Any CPU.ActiveCfg = Debug|Any CPU
		{90AF6981-B6C8-4B5E-9096-1E883A748B11}.Debug|Any CPU.Build.0 = Debug|Any CPU
		{90AF6981-B6C8-4B5E-9096-1E883A748B11}.Release|Any CPU.ActiveCfg = Release|Any CPU
		{90AF6981-B6C8-4B5E-9096-1E883A748B11}.Release|Any CPU.Build.0 = Release|Any CPU
		{D7D66479-FF37-4C37-A4C2-35149E5C27D8}.Debug|Any CPU.ActiveCfg = Debug|Any CPU
		{D7D66479-FF37-4C37-A4C2-35149E5C27D8}.Debug|Any CPU.Build.0 = Debug|Any CPU
		{D7D66479-FF37-4C37-A4C2-35149E5C27D8}.Release|Any CPU.ActiveCfg = Release|Any CPU
		{D7D66479-FF37-4C37-A4C2-35149E5C27D8}.Release|Any CPU.Build.0 = Release|Any CPU
		{0F7B6552-D0F2-4CA0-9862-77355D1DF643}.Debug|Any CPU.ActiveCfg = Debug|Any CPU
		{0F7B6552-D0F2-4CA0-9862-77355D1DF643}.Debug|Any CPU.Build.0 = Debug|Any CPU
		{0F7B6552-D0F2-4CA0-9862-77355D1DF643}.Release|Any CPU.ActiveCfg = Release|Any CPU
		{0F7B6552-D0F2-4CA0-9862-77355D1DF643}.Release|Any CPU.Build.0 = Release|Any CPU
		{41AEB75A-C5EF-4216-8331-2F5B7EC882BD}.Debug|Any CPU.ActiveCfg = Debug|Any CPU
		{41AEB75A-C5EF-4216-8331-2F5B7EC882BD}.Debug|Any CPU.Build.0 = Debug|Any CPU
		{41AEB75A-C5EF-4216-8331-2F5B7EC882BD}.Release|Any CPU.ActiveCfg = Release|Any CPU
		{41AEB75A-C5EF-4216-8331-2F5B7EC882BD}.Release|Any CPU.Build.0 = Release|Any CPU
		{6D8AAC7A-BC66-449D-B7DC-61D65AE03D23}.Debug|Any CPU.ActiveCfg = Debug|Any CPU
		{6D8AAC7A-BC66-449D-B7DC-61D65AE03D23}.Debug|Any CPU.Build.0 = Debug|Any CPU
		{6D8AAC7A-BC66-449D-B7DC-61D65AE03D23}.Release|Any CPU.ActiveCfg = Release|Any CPU
		{6D8AAC7A-BC66-449D-B7DC-61D65AE03D23}.Release|Any CPU.Build.0 = Release|Any CPU
	EndGlobalSection
EndGlobal
